// !$*UTF8*$!
{
	archiveVersion = 1;
	classes = {
	};
	objectVersion = 46;
	objects = {

/* Begin PBXBuildFile section */
		09143736168C0B73001D4EA7 /* refreshButton.png in Resources */ = {isa = PBXBuildFile; fileRef = 09143735168C0B73001D4EA7 /* refreshButton.png */; };
		09143739168C2F9D001D4EA7 /* navigatorIcon.png in Resources */ = {isa = PBXBuildFile; fileRef = 09143738168C2F9D001D4EA7 /* navigatorIcon.png */; };
		0930B306163DDB3700A280D3 /* mainTab.png in Resources */ = {isa = PBXBuildFile; fileRef = 0930B305163DDB3700A280D3 /* mainTab.png */; };
		093DA9CD168589C500621CAA /* backButton.png in Resources */ = {isa = PBXBuildFile; fileRef = 093DA9CB168589C500621CAA /* backButton.png */; };
		093DA9CE168589C500621CAA /* forwardButton.png in Resources */ = {isa = PBXBuildFile; fileRef = 093DA9CC168589C500621CAA /* forwardButton.png */; };
		094E1FD11633459400D456D0 /* UIKit.framework in Frameworks */ = {isa = PBXBuildFile; fileRef = 094E1FD01633459400D456D0 /* UIKit.framework */; };
		094E1FD31633459400D456D0 /* Foundation.framework in Frameworks */ = {isa = PBXBuildFile; fileRef = 094E1FD21633459400D456D0 /* Foundation.framework */; };
		094E1FD51633459400D456D0 /* CoreGraphics.framework in Frameworks */ = {isa = PBXBuildFile; fileRef = 094E1FD41633459400D456D0 /* CoreGraphics.framework */; };
		094E1FDB1633459400D456D0 /* InfoPlist.strings in Resources */ = {isa = PBXBuildFile; fileRef = 094E1FD91633459400D456D0 /* InfoPlist.strings */; };
		094E1FDD1633459400D456D0 /* main.m in Sources */ = {isa = PBXBuildFile; fileRef = 094E1FDC1633459400D456D0 /* main.m */; };
		094E1FE11633459400D456D0 /* HushWebAppDelegate.m in Sources */ = {isa = PBXBuildFile; fileRef = 094E1FE01633459400D456D0 /* HushWebAppDelegate.m */; };
		094E1FE31633459400D456D0 /* Default.png in Resources */ = {isa = PBXBuildFile; fileRef = 094E1FE21633459400D456D0 /* Default.png */; };
		094E1FE51633459400D456D0 /* Default@2x.png in Resources */ = {isa = PBXBuildFile; fileRef = 094E1FE41633459400D456D0 /* Default@2x.png */; };
		094E1FE71633459400D456D0 /* Default-568h@2x.png in Resources */ = {isa = PBXBuildFile; fileRef = 094E1FE61633459400D456D0 /* Default-568h@2x.png */; };
		094E1FEA1633459400D456D0 /* MainStoryboard.storyboard in Resources */ = {isa = PBXBuildFile; fileRef = 094E1FE81633459400D456D0 /* MainStoryboard.storyboard */; };
		094E1FED1633459400D456D0 /* HushWebViewController.m in Sources */ = {isa = PBXBuildFile; fileRef = 094E1FEC1633459400D456D0 /* HushWebViewController.m */; };
		094E1FF4163345B100D456D0 /* ToDo in Resources */ = {isa = PBXBuildFile; fileRef = 094E1FF3163345B100D456D0 /* ToDo */; };
		094E20021633469A00D456D0 /* HushWebModel.m in Sources */ = {isa = PBXBuildFile; fileRef = 094E1FFC1633469A00D456D0 /* HushWebModel.m */; };
		094E20031633469A00D456D0 /* HushWebTabManager.m in Sources */ = {isa = PBXBuildFile; fileRef = 094E1FFE1633469A00D456D0 /* HushWebTabManager.m */; };
		094E20041633469A00D456D0 /* HushWebTab.m in Sources */ = {isa = PBXBuildFile; fileRef = 094E20011633469A00D456D0 /* HushWebTab.m */; };
		095263F71686F3FA00FE9326 /* HushWebNavigatorView.m in Sources */ = {isa = PBXBuildFile; fileRef = 095263F61686F3FA00FE9326 /* HushWebNavigatorView.m */; };
		095263F91686F40D00FE9326 /* HushWebNavigatorView.xib in Resources */ = {isa = PBXBuildFile; fileRef = 095263F81686F40D00FE9326 /* HushWebNavigatorView.xib */; };
		0963AA8B16B3C52C0036A834 /* tab.png in Resources */ = {isa = PBXBuildFile; fileRef = 0963AA8A16B3C52C0036A834 /* tab.png */; };
		098BDDB11653B05B004863BF /* HushWebPanOptionsView.m in Sources */ = {isa = PBXBuildFile; fileRef = 098BDDB01653B05B004863BF /* HushWebPanOptionsView.m */; };
		098BDDB31653B0B4004863BF /* HushWebPanOptionsView.xib in Resources */ = {isa = PBXBuildFile; fileRef = 098BDDB21653B0B4004863BF /* HushWebPanOptionsView.xib */; };
		09D2B13E166A9A4D00DFE807 /* urlEntryLogo.png in Resources */ = {isa = PBXBuildFile; fileRef = 09D2B13D166A9A4D00DFE807 /* urlEntryLogo.png */; };
		09E0963C16452A1B001234C3 /* finger.png in Resources */ = {isa = PBXBuildFile; fileRef = 09E0963B16452A1B001234C3 /* finger.png */; };
		09EE45231653BA2E000BE005 /* mainPaw.png in Resources */ = {isa = PBXBuildFile; fileRef = 09EE45221653BA2E000BE005 /* mainPaw.png */; };
/* End PBXBuildFile section */

/* Begin PBXFileReference section */
		09143735168C0B73001D4EA7 /* refreshButton.png */ = {isa = PBXFileReference; lastKnownFileType = image.png; path = refreshButton.png; sourceTree = "<group>"; };
		09143738168C2F9D001D4EA7 /* navigatorIcon.png */ = {isa = PBXFileReference; lastKnownFileType = image.png; path = navigatorIcon.png; sourceTree = "<group>"; };
		0930B305163DDB3700A280D3 /* mainTab.png */ = {isa = PBXFileReference; lastKnownFileType = image.png; path = mainTab.png; sourceTree = "<group>"; };
		093DA9CB168589C500621CAA /* backButton.png */ = {isa = PBXFileReference; lastKnownFileType = image.png; path = backButton.png; sourceTree = "<group>"; };
		093DA9CC168589C500621CAA /* forwardButton.png */ = {isa = PBXFileReference; lastKnownFileType = image.png; path = forwardButton.png; sourceTree = "<group>"; };
		094E1FCC1633459400D456D0 /* HushWeb_iOS.app */ = {isa = PBXFileReference; explicitFileType = wrapper.application; includeInIndex = 0; path = HushWeb_iOS.app; sourceTree = BUILT_PRODUCTS_DIR; };
		094E1FD01633459400D456D0 /* UIKit.framework */ = {isa = PBXFileReference; lastKnownFileType = wrapper.framework; name = UIKit.framework; path = System/Library/Frameworks/UIKit.framework; sourceTree = SDKROOT; };
		094E1FD21633459400D456D0 /* Foundation.framework */ = {isa = PBXFileReference; lastKnownFileType = wrapper.framework; name = Foundation.framework; path = System/Library/Frameworks/Foundation.framework; sourceTree = SDKROOT; };
		094E1FD41633459400D456D0 /* CoreGraphics.framework */ = {isa = PBXFileReference; lastKnownFileType = wrapper.framework; name = CoreGraphics.framework; path = System/Library/Frameworks/CoreGraphics.framework; sourceTree = SDKROOT; };
		094E1FD81633459400D456D0 /* HushWeb_iOS-Info.plist */ = {isa = PBXFileReference; lastKnownFileType = text.plist.xml; path = "HushWeb_iOS-Info.plist"; sourceTree = "<group>"; };
		094E1FDA1633459400D456D0 /* en */ = {isa = PBXFileReference; lastKnownFileType = text.plist.strings; name = en; path = en.lproj/InfoPlist.strings; sourceTree = "<group>"; };
		094E1FDC1633459400D456D0 /* main.m */ = {isa = PBXFileReference; lastKnownFileType = sourcecode.c.objc; path = main.m; sourceTree = "<group>"; };
		094E1FDE1633459400D456D0 /* HushWeb_iOS-Prefix.pch */ = {isa = PBXFileReference; lastKnownFileType = sourcecode.c.h; path = "HushWeb_iOS-Prefix.pch"; sourceTree = "<group>"; };
		094E1FDF1633459400D456D0 /* HushWebAppDelegate.h */ = {isa = PBXFileReference; lastKnownFileType = sourcecode.c.h; path = HushWebAppDelegate.h; sourceTree = "<group>"; };
		094E1FE01633459400D456D0 /* HushWebAppDelegate.m */ = {isa = PBXFileReference; lastKnownFileType = sourcecode.c.objc; path = HushWebAppDelegate.m; sourceTree = "<group>"; };
		094E1FE21633459400D456D0 /* Default.png */ = {isa = PBXFileReference; lastKnownFileType = image.png; path = Default.png; sourceTree = "<group>"; };
		094E1FE41633459400D456D0 /* Default@2x.png */ = {isa = PBXFileReference; lastKnownFileType = image.png; path = "Default@2x.png"; sourceTree = "<group>"; };
		094E1FE61633459400D456D0 /* Default-568h@2x.png */ = {isa = PBXFileReference; lastKnownFileType = image.png; path = "Default-568h@2x.png"; sourceTree = "<group>"; };
		094E1FE91633459400D456D0 /* en */ = {isa = PBXFileReference; lastKnownFileType = file.storyboard; name = en; path = en.lproj/MainStoryboard.storyboard; sourceTree = "<group>"; };
		094E1FEB1633459400D456D0 /* HushWebViewController.h */ = {isa = PBXFileReference; lastKnownFileType = sourcecode.c.h; path = HushWebViewController.h; sourceTree = "<group>"; };
		094E1FEC1633459400D456D0 /* HushWebViewController.m */ = {isa = PBXFileReference; lastKnownFileType = sourcecode.c.objc; path = HushWebViewController.m; sourceTree = "<group>"; };
		094E1FF3163345B100D456D0 /* ToDo */ = {isa = PBXFileReference; fileEncoding = 4; lastKnownFileType = text; name = ToDo; path = HushWeb_iOS/ToDo; sourceTree = "<group>"; };
		094E1FFB1633469A00D456D0 /* HushWebModel.h */ = {isa = PBXFileReference; fileEncoding = 4; lastKnownFileType = sourcecode.c.h; path = HushWebModel.h; sourceTree = "<group>"; };
		094E1FFC1633469A00D456D0 /* HushWebModel.m */ = {isa = PBXFileReference; fileEncoding = 4; lastKnownFileType = sourcecode.c.objc; path = HushWebModel.m; sourceTree = "<group>"; };
		094E1FFD1633469A00D456D0 /* HushWebTabManager.h */ = {isa = PBXFileReference; fileEncoding = 4; lastKnownFileType = sourcecode.c.h; path = HushWebTabManager.h; sourceTree = "<group>"; };
		094E1FFE1633469A00D456D0 /* HushWebTabManager.m */ = {isa = PBXFileReference; fileEncoding = 4; lastKnownFileType = sourcecode.c.objc; path = HushWebTabManager.m; sourceTree = "<group>"; };
		094E20001633469A00D456D0 /* HushWebTab.h */ = {isa = PBXFileReference; fileEncoding = 4; lastKnownFileType = sourcecode.c.h; path = HushWebTab.h; sourceTree = "<group>"; };
		094E20011633469A00D456D0 /* HushWebTab.m */ = {isa = PBXFileReference; fileEncoding = 4; lastKnownFileType = sourcecode.c.objc; path = HushWebTab.m; sourceTree = "<group>"; };
		095263F51686F3FA00FE9326 /* HushWebNavigatorView.h */ = {isa = PBXFileReference; fileEncoding = 4; lastKnownFileType = sourcecode.c.h; path = HushWebNavigatorView.h; sourceTree = "<group>"; };
		095263F61686F3FA00FE9326 /* HushWebNavigatorView.m */ = {isa = PBXFileReference; fileEncoding = 4; lastKnownFileType = sourcecode.c.objc; path = HushWebNavigatorView.m; sourceTree = "<group>"; };
		095263F81686F40D00FE9326 /* HushWebNavigatorView.xib */ = {isa = PBXFileReference; fileEncoding = 4; lastKnownFileType = file.xib; path = HushWebNavigatorView.xib; sourceTree = "<group>"; };
		0963AA8A16B3C52C0036A834 /* tab.png */ = {isa = PBXFileReference; lastKnownFileType = image.png; path = tab.png; sourceTree = "<group>"; };
		098BDDAF1653B05B004863BF /* HushWebPanOptionsView.h */ = {isa = PBXFileReference; fileEncoding = 4; lastKnownFileType = sourcecode.c.h; path = HushWebPanOptionsView.h; sourceTree = "<group>"; };
		098BDDB01653B05B004863BF /* HushWebPanOptionsView.m */ = {isa = PBXFileReference; fileEncoding = 4; lastKnownFileType = sourcecode.c.objc; path = HushWebPanOptionsView.m; sourceTree = "<group>"; };
		098BDDB21653B0B4004863BF /* HushWebPanOptionsView.xib */ = {isa = PBXFileReference; fileEncoding = 4; lastKnownFileType = file.xib; path = HushWebPanOptionsView.xib; sourceTree = "<group>"; };
		09D2B13D166A9A4D00DFE807 /* urlEntryLogo.png */ = {isa = PBXFileReference; lastKnownFileType = image.png; path = urlEntryLogo.png; sourceTree = "<group>"; };
		09E0963B16452A1B001234C3 /* finger.png */ = {isa = PBXFileReference; lastKnownFileType = image.png; path = finger.png; sourceTree = "<group>"; };
		09EE45221653BA2E000BE005 /* mainPaw.png */ = {isa = PBXFileReference; lastKnownFileType = image.png; path = mainPaw.png; sourceTree = "<group>"; };
/* End PBXFileReference section */

/* Begin PBXFrameworksBuildPhase section */
		094E1FC91633459400D456D0 /* Frameworks */ = {
			isa = PBXFrameworksBuildPhase;
			buildActionMask = 2147483647;
			files = (
				094E1FD11633459400D456D0 /* UIKit.framework in Frameworks */,
				094E1FD31633459400D456D0 /* Foundation.framework in Frameworks */,
				094E1FD51633459400D456D0 /* CoreGraphics.framework in Frameworks */,
			);
			runOnlyForDeploymentPostprocessing = 0;
		};
/* End PBXFrameworksBuildPhase section */

/* Begin PBXGroup section */
		0930B303163DDB3700A280D3 /* Resources */ = {
			isa = PBXGroup;
			children = (
				0930B304163DDB3700A280D3 /* Images */,
			);
			path = Resources;
			sourceTree = "<group>";
		};
		0930B304163DDB3700A280D3 /* Images */ = {
			isa = PBXGroup;
			children = (
				0963AA8A16B3C52C0036A834 /* tab.png */,
				09D2B13D166A9A4D00DFE807 /* urlEntryLogo.png */,
				09EE45221653BA2E000BE005 /* mainPaw.png */,
				09E0963B16452A1B001234C3 /* finger.png */,
				0930B305163DDB3700A280D3 /* mainTab.png */,
				093DA9CB168589C500621CAA /* backButton.png */,
				093DA9CC168589C500621CAA /* forwardButton.png */,
				09143735168C0B73001D4EA7 /* refreshButton.png */,
				09143738168C2F9D001D4EA7 /* navigatorIcon.png */,
			);
			path = Images;
			sourceTree = "<group>";
		};
		094E1FC11633459400D456D0 = {
			isa = PBXGroup;
			children = (
				094E1FF3163345B100D456D0 /* ToDo */,
				094E1FD61633459400D456D0 /* HushWeb_iOS */,
				094E1FCF1633459400D456D0 /* Frameworks */,
				094E1FCD1633459400D456D0 /* Products */,
			);
			sourceTree = "<group>";
		};
		094E1FCD1633459400D456D0 /* Products */ = {
			isa = PBXGroup;
			children = (
				094E1FCC1633459400D456D0 /* HushWeb_iOS.app */,
			);
			name = Products;
			sourceTree = "<group>";
		};
		094E1FCF1633459400D456D0 /* Frameworks */ = {
			isa = PBXGroup;
			children = (
				094E1FD01633459400D456D0 /* UIKit.framework */,
				094E1FD21633459400D456D0 /* Foundation.framework */,
				094E1FD41633459400D456D0 /* CoreGraphics.framework */,
			);
			name = Frameworks;
			sourceTree = "<group>";
		};
		094E1FD61633459400D456D0 /* HushWeb_iOS */ = {
			isa = PBXGroup;
			children = (
				094E1FDF1633459400D456D0 /* HushWebAppDelegate.h */,
				094E1FE01633459400D456D0 /* HushWebAppDelegate.m */,
				094E1FE81633459400D456D0 /* MainStoryboard.storyboard */,
				094E1FEB1633459400D456D0 /* HushWebViewController.h */,
				094E1FEC1633459400D456D0 /* HushWebViewController.m */,
				098BDDAF1653B05B004863BF /* HushWebPanOptionsView.h */,
				098BDDB01653B05B004863BF /* HushWebPanOptionsView.m */,
				098BDDB21653B0B4004863BF /* HushWebPanOptionsView.xib */,
				095263F51686F3FA00FE9326 /* HushWebNavigatorView.h */,
				095263F61686F3FA00FE9326 /* HushWebNavigatorView.m */,
				095263F81686F40D00FE9326 /* HushWebNavigatorView.xib */,
				094E1FFA1633469A00D456D0 /* Model */,
				094E1FFF1633469A00D456D0 /* Objects */,
				0930B303163DDB3700A280D3 /* Resources */,
				094E1FD71633459400D456D0 /* Supporting Files */,
			);
			path = HushWeb_iOS;
			sourceTree = "<group>";
		};
		094E1FD71633459400D456D0 /* Supporting Files */ = {
			isa = PBXGroup;
			children = (
				094E1FD81633459400D456D0 /* HushWeb_iOS-Info.plist */,
				094E1FD91633459400D456D0 /* InfoPlist.strings */,
				094E1FDC1633459400D456D0 /* main.m */,
				094E1FDE1633459400D456D0 /* HushWeb_iOS-Prefix.pch */,
				094E1FE21633459400D456D0 /* Default.png */,
				094E1FE41633459400D456D0 /* Default@2x.png */,
				094E1FE61633459400D456D0 /* Default-568h@2x.png */,
			);
			name = "Supporting Files";
			sourceTree = "<group>";
		};
		094E1FFA1633469A00D456D0 /* Model */ = {
			isa = PBXGroup;
			children = (
				094E1FFB1633469A00D456D0 /* HushWebModel.h */,
				094E1FFC1633469A00D456D0 /* HushWebModel.m */,
				094E1FFD1633469A00D456D0 /* HushWebTabManager.h */,
				094E1FFE1633469A00D456D0 /* HushWebTabManager.m */,
			);
			path = Model;
			sourceTree = "<group>";
		};
		094E1FFF1633469A00D456D0 /* Objects */ = {
			isa = PBXGroup;
			children = (
				094E20001633469A00D456D0 /* HushWebTab.h */,
				094E20011633469A00D456D0 /* HushWebTab.m */,
			);
			path = Objects;
			sourceTree = "<group>";
		};
/* End PBXGroup section */

/* Begin PBXNativeTarget section */
		094E1FCB1633459400D456D0 /* HushWeb_iOS */ = {
			isa = PBXNativeTarget;
			buildConfigurationList = 094E1FF01633459400D456D0 /* Build configuration list for PBXNativeTarget "HushWeb_iOS" */;
			buildPhases = (
				094E1FC81633459400D456D0 /* Sources */,
				094E1FC91633459400D456D0 /* Frameworks */,
				094E1FCA1633459400D456D0 /* Resources */,
			);
			buildRules = (
			);
			dependencies = (
			);
			name = HushWeb_iOS;
			productName = HushWeb_iOS;
			productReference = 094E1FCC1633459400D456D0 /* HushWeb_iOS.app */;
			productType = "com.apple.product-type.application";
		};
/* End PBXNativeTarget section */

/* Begin PBXProject section */
		094E1FC31633459400D456D0 /* Project object */ = {
			isa = PBXProject;
			attributes = {
				CLASSPREFIX = HushWeb;
				LastUpgradeCheck = 0450;
				ORGANIZATIONNAME = "Noel Feliciano";
			};
			buildConfigurationList = 094E1FC61633459400D456D0 /* Build configuration list for PBXProject "HushWeb_iOS" */;
			compatibilityVersion = "Xcode 3.2";
			developmentRegion = English;
			hasScannedForEncodings = 0;
			knownRegions = (
				en,
			);
			mainGroup = 094E1FC11633459400D456D0;
			productRefGroup = 094E1FCD1633459400D456D0 /* Products */;
			projectDirPath = "";
			projectRoot = "";
			targets = (
				094E1FCB1633459400D456D0 /* HushWeb_iOS */,
			);
		};
/* End PBXProject section */

/* Begin PBXResourcesBuildPhase section */
		094E1FCA1633459400D456D0 /* Resources */ = {
			isa = PBXResourcesBuildPhase;
			buildActionMask = 2147483647;
			files = (
				094E1FDB1633459400D456D0 /* InfoPlist.strings in Resources */,
				094E1FE31633459400D456D0 /* Default.png in Resources */,
				094E1FE51633459400D456D0 /* Default@2x.png in Resources */,
				094E1FE71633459400D456D0 /* Default-568h@2x.png in Resources */,
				094E1FEA1633459400D456D0 /* MainStoryboard.storyboard in Resources */,
				094E1FF4163345B100D456D0 /* ToDo in Resources */,
				0930B306163DDB3700A280D3 /* mainTab.png in Resources */,
				09E0963C16452A1B001234C3 /* finger.png in Resources */,
				098BDDB31653B0B4004863BF /* HushWebPanOptionsView.xib in Resources */,
				09EE45231653BA2E000BE005 /* mainPaw.png in Resources */,
				09D2B13E166A9A4D00DFE807 /* urlEntryLogo.png in Resources */,
				093DA9CD168589C500621CAA /* backButton.png in Resources */,
				093DA9CE168589C500621CAA /* forwardButton.png in Resources */,
				095263F91686F40D00FE9326 /* HushWebNavigatorView.xib in Resources */,
				09143736168C0B73001D4EA7 /* refreshButton.png in Resources */,
				09143739168C2F9D001D4EA7 /* navigatorIcon.png in Resources */,
				0963AA8B16B3C52C0036A834 /* tab.png in Resources */,
			);
			runOnlyForDeploymentPostprocessing = 0;
		};
/* End PBXResourcesBuildPhase section */

/* Begin PBXSourcesBuildPhase section */
		094E1FC81633459400D456D0 /* Sources */ = {
			isa = PBXSourcesBuildPhase;
			buildActionMask = 2147483647;
			files = (
				094E1FDD1633459400D456D0 /* main.m in Sources */,
				094E1FE11633459400D456D0 /* HushWebAppDelegate.m in Sources */,
				094E1FED1633459400D456D0 /* HushWebViewController.m in Sources */,
				094E20021633469A00D456D0 /* HushWebModel.m in Sources */,
				094E20031633469A00D456D0 /* HushWebTabManager.m in Sources */,
				094E20041633469A00D456D0 /* HushWebTab.m in Sources */,
				098BDDB11653B05B004863BF /* HushWebPanOptionsView.m in Sources */,
				095263F71686F3FA00FE9326 /* HushWebNavigatorView.m in Sources */,
			);
			runOnlyForDeploymentPostprocessing = 0;
		};
/* End PBXSourcesBuildPhase section */

/* Begin PBXVariantGroup section */
		094E1FD91633459400D456D0 /* InfoPlist.strings */ = {
			isa = PBXVariantGroup;
			children = (
				094E1FDA1633459400D456D0 /* en */,
			);
			name = InfoPlist.strings;
			sourceTree = "<group>";
		};
		094E1FE81633459400D456D0 /* MainStoryboard.storyboard */ = {
			isa = PBXVariantGroup;
			children = (
				094E1FE91633459400D456D0 /* en */,
			);
			name = MainStoryboard.storyboard;
			sourceTree = "<group>";
		};
/* End PBXVariantGroup section */

/* Begin XCBuildConfiguration section */
		094E1FEE1633459400D456D0 /* Debug */ = {
			isa = XCBuildConfiguration;
			buildSettings = {
				ALWAYS_SEARCH_USER_PATHS = NO;
				CLANG_CXX_LANGUAGE_STANDARD = "gnu++0x";
				CLANG_CXX_LIBRARY = "libc++";
				CLANG_ENABLE_OBJC_ARC = YES;
				CLANG_WARN_EMPTY_BODY = YES;
				CLANG_WARN__DUPLICATE_METHOD_MATCH = YES;
				"CODE_SIGN_IDENTITY[sdk=iphoneos*]" = "iPhone Developer";
				COPY_PHASE_STRIP = NO;
				GCC_C_LANGUAGE_STANDARD = gnu99;
				GCC_DYNAMIC_NO_PIC = NO;
				GCC_OPTIMIZATION_LEVEL = 0;
				GCC_PREPROCESSOR_DEFINITIONS = (
					"DEBUG=1",
					"$(inherited)",
				);
				GCC_SYMBOLS_PRIVATE_EXTERN = NO;
				GCC_WARN_ABOUT_RETURN_TYPE = YES;
				GCC_WARN_UNINITIALIZED_AUTOS = YES;
				GCC_WARN_UNUSED_VARIABLE = YES;
				IPHONEOS_DEPLOYMENT_TARGET = 5.1;
				ONLY_ACTIVE_ARCH = YES;
				SDKROOT = iphoneos;
			};
			name = Debug;
		};
		094E1FEF1633459400D456D0 /* Release */ = {
			isa = XCBuildConfiguration;
			buildSettings = {
				ALWAYS_SEARCH_USER_PATHS = NO;
				CLANG_CXX_LANGUAGE_STANDARD = "gnu++0x";
				CLANG_CXX_LIBRARY = "libc++";
				CLANG_ENABLE_OBJC_ARC = YES;
				CLANG_WARN_EMPTY_BODY = YES;
				CLANG_WARN__DUPLICATE_METHOD_MATCH = YES;
				"CODE_SIGN_IDENTITY[sdk=iphoneos*]" = "iPhone Developer";
				COPY_PHASE_STRIP = YES;
				GCC_C_LANGUAGE_STANDARD = gnu99;
				GCC_WARN_ABOUT_RETURN_TYPE = YES;
				GCC_WARN_UNINITIALIZED_AUTOS = YES;
				GCC_WARN_UNUSED_VARIABLE = YES;
				IPHONEOS_DEPLOYMENT_TARGET = 5.1;
				OTHER_CFLAGS = "-DNS_BLOCK_ASSERTIONS=1";
				SDKROOT = iphoneos;
				VALIDATE_PRODUCT = YES;
			};
			name = Release;
		};
		094E1FF11633459400D456D0 /* Debug */ = {
			isa = XCBuildConfiguration;
			buildSettings = {
				GCC_PRECOMPILE_PREFIX_HEADER = YES;
				GCC_PREFIX_HEADER = "HushWeb_iOS/HushWeb_iOS-Prefix.pch";
				INFOPLIST_FILE = "HushWeb_iOS/HushWeb_iOS-Info.plist";
				IPHONEOS_DEPLOYMENT_TARGET = 6.0;
				PRODUCT_NAME = "$(TARGET_NAME)";
				WRAPPER_EXTENSION = app;
			};
			name = Debug;
		};
		094E1FF21633459400D456D0 /* Release */ = {
			isa = XCBuildConfiguration;
			buildSettings = {
				GCC_PRECOMPILE_PREFIX_HEADER = YES;
				GCC_PREFIX_HEADER = "HushWeb_iOS/HushWeb_iOS-Prefix.pch";
				INFOPLIST_FILE = "HushWeb_iOS/HushWeb_iOS-Info.plist";
				IPHONEOS_DEPLOYMENT_TARGET = 6.0;
				PRODUCT_NAME = "$(TARGET_NAME)";
				WRAPPER_EXTENSION = app;
			};
			name = Release;
		};
/* End XCBuildConfiguration section */

/* Begin XCConfigurationList section */
		094E1FC61633459400D456D0 /* Build configuration list for PBXProject "HushWeb_iOS" */ = {
			isa = XCConfigurationList;
			buildConfigurations = (
				094E1FEE1633459400D456D0 /* Debug */,
				094E1FEF1633459400D456D0 /* Release */,
			);
			defaultConfigurationIsVisible = 0;
			defaultConfigurationName = Release;
		};
		094E1FF01633459400D456D0 /* Build configuration list for PBXNativeTarget "HushWeb_iOS" */ = {
			isa = XCConfigurationList;
			buildConfigurations = (
				094E1FF11633459400D456D0 /* Debug */,
				094E1FF21633459400D456D0 /* Release */,
			);
			defaultConfigurationIsVisible = 0;
			defaultConfigurationName = Release;
		};
/* End XCConfigurationList section */
	};
	rootObject = 094E1FC31633459400D456D0 /* Project object */;
}
